
Microsoft Visual Studio Solution File, Format Version 12.00
# Visual Studio Version 16
VisualStudioVersion = 16.0.29123.88
MinimumVisualStudioVersion = 10.0.40219.1
Project("{FAE04EC0-301F-11D3-BF4B-00C04F79EFBC}") = "CsExec", "CsExec\CsExec.csproj", "{D7EC0EF5-157C-4533-BBCD-0FE070FBF8D9}"
EndProject
Project("{FAE04EC0-301F-11D3-BF4B-00C04F79EFBC}") = "CsWMI", "CsWMI\CsWMI.csproj", "{6AACD159-F4E7-4632-BAD1-2AE8526A9633}"
EndProject
Project("{FAE04EC0-301F-11D3-BF4B-00C04F79EFBC}") = "CsDCOM", "CsDCOM\CsDCOM.csproj", "{49A6719E-11A8-46E6-AD7A-1DB1BE9FEA37}"
EndProject
Project("{FAE04EC0-301F-11D3-BF4B-00C04F79EFBC}") = "CsEnv", "CsEnv\CsEnv.csproj", "{384E9647-28A9-4835-8FA7-2472B1ACEDC0}"
EndProject
Project("{FAE04EC0-301F-11D3-BF4B-00C04F79EFBC}") = "CsPosh", "CsPosh\CsPosh.csproj", "{10085D98-48B9-42A8-B15B-CB27A243761B}"
EndProject
Global
	GlobalSection(SolutionConfigurationPlatforms) = preSolution
		Debug|Any CPU = Debug|Any CPU
		Release|Any CPU = Release|Any CPU
	EndGlobalSection
	GlobalSection(ProjectConfigurationPlatforms) = postSolution
		{D7EC0EF5-157C-4533-BBCD-0FE070FBF8D9}.Debug|Any CPU.ActiveCfg = Debug|Any CPU
		{D7EC0EF5-157C-4533-BBCD-0FE070FBF8D9}.Debug|Any CPU.Build.0 = Debug|Any CPU
		{D7EC0EF5-157C-4533-BBCD-0FE070FBF8D9}.Release|Any CPU.ActiveCfg = Release|Any CPU
		{D7EC0EF5-157C-4533-BBCD-0FE070FBF8D9}.Release|Any CPU.Build.0 = Release|Any CPU
		{6AACD159-F4E7-4632-BAD1-2AE8526A9633}.Debug|Any CPU.ActiveCfg = Debug|Any CPU
		{6AACD159-F4E7-4632-BAD1-2AE8526A9633}.Debug|Any CPU.Build.0 = Debug|Any CPU
		{6AACD159-F4E7-4632-BAD1-2AE8526A9633}.Release|Any CPU.ActiveCfg = Release|Any CPU
		{6AACD159-F4E7-4632-BAD1-2AE8526A9633}.Release|Any CPU.Build.0 = Release|Any CPU
		{49A6719E-11A8-46E6-AD7A-1DB1BE9FEA37}.Debug|Any CPU.ActiveCfg = Debug|Any CPU
		{49A6719E-11A8-46E6-AD7A-1DB1BE9FEA37}.Debug|Any CPU.Build.0 = Debug|Any CPU
		{49A6719E-11A8-46E6-AD7A-1DB1BE9FEA37}.Release|Any CPU.ActiveCfg = Release|Any CPU
		{49A6719E-11A8-46E6-AD7A-1DB1BE9FEA37}.Release|Any CPU.Build.0 = Release|Any CPU
		{384E9647-28A9-4835-8FA7-2472B1ACEDC0}.Debug|Any CPU.ActiveCfg = Debug|Any CPU
		{384E9647-28A9-4835-8FA7-2472B1ACEDC0}.Debug|Any CPU.Build.0 = Debug|Any CPU
		{384E9647-28A9-4835-8FA7-2472B1ACEDC0}.Release|Any CPU.ActiveCfg = Release|Any CPU
		{384E9647-28A9-4835-8FA7-2472B1ACEDC0}.Release|Any CPU.Build.0 = Release|Any CPU
		{10085D98-48B9-42A8-B15B-CB27A243761B}.Debug|Any CPU.ActiveCfg = Debug|Any CPU
		{10085D98-48B9-42A8-B15B-CB27A243761B}.Debug|Any CPU.Build.0 = Debug|Any CPU
		{10085D98-48B9-42A8-B15B-CB27A243761B}.Release|Any CPU.ActiveCfg = Release|Any CPU
		{10085D98-48B9-42A8-B15B-CB27A243761B}.Release|Any CPU.Build.0 = Release|Any CPU
	EndGlobalSection
	GlobalSection(SolutionProperties) = preSolution
		HideSolutionNode = FALSE
	EndGlobalSection
	GlobalSection(ExtensibilityGlobals) = postSolution
		SolutionGuid = {B035602A-D7F3-41E7-8113-178E43516CD9}
	EndGlobalSection
EndGlobal
